
Microsoft Visual Studio Solution File, Format Version 12.00
# Visual Studio Version 16
VisualStudioVersion = 16.0.30225.117
MinimumVisualStudioVersion = 10.0.40219.1
Project("{FAE04EC0-301F-11D3-BF4B-00C04F79EFBC}") = "MISA.CukCuk", "MISA.CukCuk\MISA.CukCuk.csproj", "{027E6A57-EE28-4D11-93B6-A3910312202E}"
EndProject
Global
	GlobalSection(SolutionConfigurationPlatforms) = preSolution
		Debug|Any CPU = Debug|Any CPU
		Release|Any CPU = Release|Any CPU
	EndGlobalSection
	GlobalSection(ProjectConfigurationPlatforms) = postSolution
		{027E6A57-EE28-4D11-93B6-A3910312202E}.Debug|Any CPU.ActiveCfg = Debug|Any CPU
		{027E6A57-EE28-4D11-93B6-A3910312202E}.Debug|Any CPU.Build.0 = Debug|Any CPU
		{027E6A57-EE28-4D11-93B6-A3910312202E}.Release|Any CPU.ActiveCfg = Release|Any CPU
		{027E6A57-EE28-4D11-93B6-A3910312202E}.Release|Any CPU.Build.0 = Release|Any CPU
	EndGlobalSection
	GlobalSection(SolutionProperties) = preSolution
		HideSolutionNode = FALSE
	EndGlobalSection
	GlobalSection(ExtensibilityGlobals) = postSolution
		SolutionGuid = {341D33BF-2462-4F87-A345-D9839E36D159}
	EndGlobalSection
EndGlobal
